{
    "_readme": [
        "This file locks the dependencies of your project to a known state",
        "Read more about it at https://getcomposer.org/doc/01-basic-usage.md#composer-lock-the-lock-file",
        "This file is @generated automatically"
    ],
    "content-hash": "a5f88c5756bf310dd8d55a82607baf03",
    "packages": [
        {
            "name": "mike42/escpos-php",
            "version": "v1.5.2",
            "source": {
                "type": "git",
                "url": "https://github.com/mike42/escpos-php.git",
                "reference": "bb24755ef3d444fcc7aa6af70bd8967fc391d760"
            },
            "dist": {
                "type": "zip",
                "url": "https://api.github.com/repos/mike42/escpos-php/zipball/bb24755ef3d444fcc7aa6af70bd8967fc391d760",
                "reference": "bb24755ef3d444fcc7aa6af70bd8967fc391d760",
                "shasum": ""
            },
            "require": {
                "ext-mbstring": "*",
                "php": ">=5.3.9"
            },
            "require-dev": {
                "guzzlehttp/guzzle": "~3.0|~4.0|~5.0|~6.0",
                "phpunit/phpunit": "4.8.*",
                "squizlabs/php_codesniffer": "2.*"
            },
            "suggest": {
                "ext-gd": "Used for image printing if present.",
                "ext-imagick": "Will be used for image printing if present. Required for PDF printing or use of custom fonts.",
                "guzzlehttp/guzzle": "Allows the use of the ApiConnector to send print jobs over HTTP."
            },
            "type": "library",
            "autoload": {
                "psr-4": {
                    "Mike42\\": "src/Mike42"
                }
            },
            "notification-url": "https://packagist.org/downloads/",
            "license": [
                "MIT"
            ],
            "authors": [
                {
                    "name": "Michael Billington",
                    "email": "michael.billington@gmail.com"
                }
            ],
            "description": "PHP receipt printer library for use with ESC/POS-compatible thermal and impact printers",
            "homepage": "https://github.com/mike42/escpos-php",
            "keywords": [
                "ESC-POS",
                "driver",
                "escpos",
                "print",
                "receipt"
            ],
            "time": "2017-05-18T10:29:56+00:00"
        }
    ],
    "packages-dev": [],
    "aliases": [],
    "minimum-stability": "stable",
    "stability-flags": [],
    "prefer-stable": false,
    "prefer-lowest": false,
    "platform": [],
    "platform-dev": []
}
